
Microsoft Visual Studio Solution File, Format Version 12.00
# Visual Studio Version 17
VisualStudioVersion = 17.0.31903.59
MinimumVisualStudioVersion = 10.0.40219.1
Project("{2150E333-8FDC-42A3-9474-1A3956D46DE8}") = "domain", "domain", "{D67A01AE-670A-4094-A385-1D02CF16D359}"
EndProject
Project("{9A19103F-16F7-4668-BE54-9A1E7A4F7556}") = "Store", "domain\Store\Store.csproj", "{EDE09E72-C859-407A-8F8B-2C9676F1C8B4}"
EndProject
Project("{2150E333-8FDC-42A3-9474-1A3956D46DE8}") = "infrastructure", "infrastructure", "{75A0C762-CCC4-42C0-8017-9E98A41BB9E0}"
EndProject
Project("{9A19103F-16F7-4668-BE54-9A1E7A4F7556}") = "Store.Memory", "infrastructure\Store.Memory\Store.Memory.csproj", "{3D662996-D266-4275-960D-E247E898362B}"
EndProject
Project("{2150E333-8FDC-42A3-9474-1A3956D46DE8}") = "presentation", "presentation", "{3183D68D-35AD-4148-95D2-9DED417C90F9}"
EndProject
Project("{9A19103F-16F7-4668-BE54-9A1E7A4F7556}") = "Store.Presentation", "presentation\Store.Presentation\Store.Presentation.csproj", "{AEA77B64-5021-4987-9A65-C654BC08D6B9}"
EndProject
Project("{9A19103F-16F7-4668-BE54-9A1E7A4F7556}") = "Store.Tests", "domain\Store.Tests\Store.Tests.csproj", "{7F6724FC-5A29-48D4-AB0F-A50E91EAC118}"
EndProject
Project("{FAE04EC0-301F-11D3-BF4B-00C04F79EFBC}") = "Store.Web.Contractors", "presentation\Store.Web.Contractors\Store.Web.Contractors.csproj", "{97BA7E21-8B0A-47B4-A43E-41F8E9DEB95D}"
EndProject
Project("{2150E333-8FDC-42A3-9474-1A3956D46DE8}") = "plugins", "plugins", "{16245203-90A2-4802-84BF-BC51746832F9}"
EndProject
Project("{FAE04EC0-301F-11D3-BF4B-00C04F79EFBC}") = "Store.PayPalPayment", "plugins\Store.PayPalPayment\Store.PayPalPayment.csproj", "{F2862463-0D40-41B9-AE88-0FF49AD8C1DD}"
EndProject
Global
	GlobalSection(SolutionConfigurationPlatforms) = preSolution
		Debug|Any CPU = Debug|Any CPU
		Release|Any CPU = Release|Any CPU
	EndGlobalSection
	GlobalSection(ProjectConfigurationPlatforms) = postSolution
		{EDE09E72-C859-407A-8F8B-2C9676F1C8B4}.Debug|Any CPU.ActiveCfg = Debug|Any CPU
		{EDE09E72-C859-407A-8F8B-2C9676F1C8B4}.Debug|Any CPU.Build.0 = Debug|Any CPU
		{EDE09E72-C859-407A-8F8B-2C9676F1C8B4}.Release|Any CPU.ActiveCfg = Release|Any CPU
		{EDE09E72-C859-407A-8F8B-2C9676F1C8B4}.Release|Any CPU.Build.0 = Release|Any CPU
		{3D662996-D266-4275-960D-E247E898362B}.Debug|Any CPU.ActiveCfg = Debug|Any CPU
		{3D662996-D266-4275-960D-E247E898362B}.Debug|Any CPU.Build.0 = Debug|Any CPU
		{3D662996-D266-4275-960D-E247E898362B}.Release|Any CPU.ActiveCfg = Release|Any CPU
		{3D662996-D266-4275-960D-E247E898362B}.Release|Any CPU.Build.0 = Release|Any CPU
		{AEA77B64-5021-4987-9A65-C654BC08D6B9}.Debug|Any CPU.ActiveCfg = Debug|Any CPU
		{AEA77B64-5021-4987-9A65-C654BC08D6B9}.Debug|Any CPU.Build.0 = Debug|Any CPU
		{AEA77B64-5021-4987-9A65-C654BC08D6B9}.Release|Any CPU.ActiveCfg = Release|Any CPU
		{AEA77B64-5021-4987-9A65-C654BC08D6B9}.Release|Any CPU.Build.0 = Release|Any CPU
		{7F6724FC-5A29-48D4-AB0F-A50E91EAC118}.Debug|Any CPU.ActiveCfg = Debug|Any CPU
		{7F6724FC-5A29-48D4-AB0F-A50E91EAC118}.Debug|Any CPU.Build.0 = Debug|Any CPU
		{7F6724FC-5A29-48D4-AB0F-A50E91EAC118}.Release|Any CPU.ActiveCfg = Release|Any CPU
		{7F6724FC-5A29-48D4-AB0F-A50E91EAC118}.Release|Any CPU.Build.0 = Release|Any CPU
		{97BA7E21-8B0A-47B4-A43E-41F8E9DEB95D}.Debug|Any CPU.ActiveCfg = Debug|Any CPU
		{97BA7E21-8B0A-47B4-A43E-41F8E9DEB95D}.Debug|Any CPU.Build.0 = Debug|Any CPU
		{97BA7E21-8B0A-47B4-A43E-41F8E9DEB95D}.Release|Any CPU.ActiveCfg = Release|Any CPU
		{97BA7E21-8B0A-47B4-A43E-41F8E9DEB95D}.Release|Any CPU.Build.0 = Release|Any CPU
		{F2862463-0D40-41B9-AE88-0FF49AD8C1DD}.Debug|Any CPU.ActiveCfg = Debug|Any CPU
		{F2862463-0D40-41B9-AE88-0FF49AD8C1DD}.Debug|Any CPU.Build.0 = Debug|Any CPU
		{F2862463-0D40-41B9-AE88-0FF49AD8C1DD}.Release|Any CPU.ActiveCfg = Release|Any CPU
		{F2862463-0D40-41B9-AE88-0FF49AD8C1DD}.Release|Any CPU.Build.0 = Release|Any CPU
	EndGlobalSection
	GlobalSection(SolutionProperties) = preSolution
		HideSolutionNode = FALSE
	EndGlobalSection
	GlobalSection(NestedProjects) = preSolution
		{EDE09E72-C859-407A-8F8B-2C9676F1C8B4} = {D67A01AE-670A-4094-A385-1D02CF16D359}
		{3D662996-D266-4275-960D-E247E898362B} = {75A0C762-CCC4-42C0-8017-9E98A41BB9E0}
		{AEA77B64-5021-4987-9A65-C654BC08D6B9} = {3183D68D-35AD-4148-95D2-9DED417C90F9}
		{7F6724FC-5A29-48D4-AB0F-A50E91EAC118} = {D67A01AE-670A-4094-A385-1D02CF16D359}
		{97BA7E21-8B0A-47B4-A43E-41F8E9DEB95D} = {3183D68D-35AD-4148-95D2-9DED417C90F9}
		{F2862463-0D40-41B9-AE88-0FF49AD8C1DD} = {16245203-90A2-4802-84BF-BC51746832F9}
	EndGlobalSection
	GlobalSection(ExtensibilityGlobals) = postSolution
		SolutionGuid = {139430F2-5523-485B-834B-A26C92F22739}
	EndGlobalSection
EndGlobal
